// !$*UTF8*$!
{ archiveVersion = 1; classes = {}; objectVersion = 56; objects = {
8BF4A28E43F6CF370D3EE1C2 = { isa = PBXFileReference; lastKnownFileType = sourcecode.swift; path = Models.swift; sourceTree = "<group>"; };
E22D430D1ABEAD104B65960F = { isa = PBXBuildFile; fileRef = 8BF4A28E43F6CF370D3EE1C2; };
60A42E13210A86A41CDA4435 = { isa = PBXFileReference; lastKnownFileType = sourcecode.swift; path = StufoApp.swift; sourceTree = "<group>"; };
44193B2AF72CF0CDCF08E78E = { isa = PBXBuildFile; fileRef = 60A42E13210A86A41CDA4435; };
37F8E32C2FC74BA0B5C7DBDC = { isa = PBXFileReference; lastKnownFileType = sourcecode.swift; path = CompanionViews.swift; sourceTree = "<group>"; };
EAB893A92C1FE940AD02A395 = { isa = PBXBuildFile; fileRef = 37F8E32C2FC74BA0B5C7DBDC; };
C14A11C772180D635D8AAE2F = { isa = PBXFileReference; lastKnownFileType = sourcecode.swift; path = VisualLabs.swift; sourceTree = "<group>"; };
568545E98B5E074C89B6A020 = { isa = PBXBuildFile; fileRef = C14A11C772180D635D8AAE2F; };
E97B2466C6DE09928BDB6125 = { isa = PBXFileReference; lastKnownFileType = text.json; path = curriculum.json; sourceTree = "<group>"; };
33664FDEA6C7DFF3A4B1A541 = { isa = PBXBuildFile; fileRef = E97B2466C6DE09928BDB6125; };
28AAD1477D5182D66D4B03B3 = { isa = PBXFileReference; lastKnownFileType = folder.assetcatalog; path = Assets.xcassets; sourceTree = "<group>"; };
1B316C2A61BC07AD2926E500 = { isa = PBXBuildFile; fileRef = 28AAD1477D5182D66D4B03B3; };
26B2A637F7DC4079D5AB78A5 = { isa = PBXFileReference; lastKnownFileType = text.xml; path = PrivacyInfo.xcprivacy; sourceTree = "<group>"; };
85485ABDDFC5AA715BEE5C09 = { isa = PBXBuildFile; fileRef = 26B2A637F7DC4079D5AB78A5; };
38A007151ABE87CC01A5B6E9 = { isa = PBXFileReference; explicitFileType = wrapper.application; includeInIndex = 0; path = Stufo.app; sourceTree = BUILT_PRODUCTS_DIR; };
B7480EC88B7F22D0A4757273 = { isa = PBXFileReference; explicitFileType = wrapper.cfbundle; includeInIndex = 0; path = StufoUITests.xctest; sourceTree = BUILT_PRODUCTS_DIR; };
3A2A88DEEFF3D1D23E496597 = { isa = PBXGroup; children = (8BF4A28E43F6CF370D3EE1C2, 60A42E13210A86A41CDA4435, 37F8E32C2FC74BA0B5C7DBDC, C14A11C772180D635D8AAE2F, E97B2466C6DE09928BDB6125, 28AAD1477D5182D66D4B03B3, 26B2A637F7DC4079D5AB78A5,); path = Stufo; sourceTree = "<group>"; };
E05FCB614AB36FDEE72EE1F2 = { isa = PBXFileReference; lastKnownFileType = sourcecode.swift; path = SmokeTests.swift; sourceTree = "<group>"; };
80FAC02A0BD5812E2A00F339 = { isa = PBXBuildFile; fileRef = E05FCB614AB36FDEE72EE1F2; };
8B7A6DECC0651D269EA794C7 = { isa = PBXGroup; children = (E05FCB614AB36FDEE72EE1F2,); path = StufoUITests; sourceTree = "<group>"; };
FBDC4F23F93125BBEEAE800C = { isa = PBXGroup; children = (38A007151ABE87CC01A5B6E9, B7480EC88B7F22D0A4757273,); name = Products; sourceTree = "<group>"; };
B28B7AF69320201D1CF206EB = { isa = PBXGroup; children = (3A2A88DEEFF3D1D23E496597, 8B7A6DECC0651D269EA794C7, FBDC4F23F93125BBEEAE800C,); sourceTree = "<group>"; };
BCE16DD0260827ECF338C787 = { isa = PBXSourcesBuildPhase; buildActionMask = 2147483647; files = (E22D430D1ABEAD104B65960F, 44193B2AF72CF0CDCF08E78E, EAB893A92C1FE940AD02A395, 568545E98B5E074C89B6A020,); runOnlyForDeploymentPostprocessing = 0; };
0189424A5A60FED329FA868E = { isa = PBXResourcesBuildPhase; buildActionMask = 2147483647; files = (33664FDEA6C7DFF3A4B1A541, 1B316C2A61BC07AD2926E500, 85485ABDDFC5AA715BEE5C09,); runOnlyForDeploymentPostprocessing = 0; };
7561BFB015D8F536760CB671 = { isa = PBXFrameworksBuildPhase; buildActionMask = 2147483647; files = (); runOnlyForDeploymentPostprocessing = 0; };
9F3002A5D69B22D357A58AA9 = { isa = PBXSourcesBuildPhase; buildActionMask = 2147483647; files = (80FAC02A0BD5812E2A00F339,); runOnlyForDeploymentPostprocessing = 0; };
89E1FD6268CC0F221A2BE178 = { isa = XCBuildConfiguration; buildSettings = { CLANG_ENABLE_MODULES = YES; IPHONEOS_DEPLOYMENT_TARGET = 17.0; SDKROOT = iphoneos; SWIFT_VERSION = 5.0; TARGETED_DEVICE_FAMILY = "1,2"; SWIFT_OPTIMIZATION_LEVEL = "-Onone"; DEBUG_INFORMATION_FORMAT = dwarf; ENABLE_TESTABILITY = YES; }; name = Debug; };
E9B2E96ABC5F6856F2BE79CF = { isa = XCBuildConfiguration; buildSettings = { ASSETCATALOG_COMPILER_APPICON_NAME = AppIcon; CODE_SIGN_STYLE = Automatic; CURRENT_PROJECT_VERSION = 2; GENERATE_INFOPLIST_FILE = NO; INFOPLIST_FILE = Stufo/Info.plist; MARKETING_VERSION = 1.0; PRODUCT_BUNDLE_IDENTIFIER = com.stufo.companion; PRODUCT_NAME = "$(TARGET_NAME)"; SUPPORTED_PLATFORMS = "iphoneos iphonesimulator"; SUPPORTS_MACCATALYST = NO; ENABLE_PREVIEWS = YES; }; name = Debug; };
FCB48D8F88BCDB0ED9FADFD7 = { isa = XCBuildConfiguration; buildSettings = { GENERATE_INFOPLIST_FILE = YES; CODE_SIGN_STYLE = Automatic; PRODUCT_BUNDLE_IDENTIFIER = com.stufo.companion.uitests; PRODUCT_NAME = "$(TARGET_NAME)"; TEST_TARGET_NAME = Stufo; }; name = Debug; };
E6DE6C99132752C914FEF632 = { isa = XCBuildConfiguration; buildSettings = { CLANG_ENABLE_MODULES = YES; IPHONEOS_DEPLOYMENT_TARGET = 17.0; SDKROOT = iphoneos; SWIFT_VERSION = 5.0; TARGETED_DEVICE_FAMILY = "1,2"; SWIFT_COMPILATION_MODE = wholemodule; SWIFT_OPTIMIZATION_LEVEL = "-O"; DEBUG_INFORMATION_FORMAT = "dwarf-with-dsym"; }; name = Release; };
5A8C91857F674E16E2724F47 = { isa = XCBuildConfiguration; buildSettings = { ASSETCATALOG_COMPILER_APPICON_NAME = AppIcon; CODE_SIGN_STYLE = Automatic; CURRENT_PROJECT_VERSION = 2; GENERATE_INFOPLIST_FILE = NO; INFOPLIST_FILE = Stufo/Info.plist; MARKETING_VERSION = 1.0; PRODUCT_BUNDLE_IDENTIFIER = com.stufo.companion; PRODUCT_NAME = "$(TARGET_NAME)"; SUPPORTED_PLATFORMS = "iphoneos iphonesimulator"; SUPPORTS_MACCATALYST = NO; ENABLE_PREVIEWS = YES; }; name = Release; };
942EEBBACD6C88CAE7F29B29 = { isa = XCBuildConfiguration; buildSettings = { GENERATE_INFOPLIST_FILE = YES; CODE_SIGN_STYLE = Automatic; PRODUCT_BUNDLE_IDENTIFIER = com.stufo.companion.uitests; PRODUCT_NAME = "$(TARGET_NAME)"; TEST_TARGET_NAME = Stufo; }; name = Release; };
793D6D7C60BD6329D6F91FDB = { isa = XCConfigurationList; buildConfigurations = (89E1FD6268CC0F221A2BE178, E6DE6C99132752C914FEF632,); defaultConfigurationIsVisible = 0; defaultConfigurationName = Release; };
0C11D463C749DB5838E2C0E4 = { isa = XCConfigurationList; buildConfigurations = (E9B2E96ABC5F6856F2BE79CF, 5A8C91857F674E16E2724F47,); defaultConfigurationIsVisible = 0; defaultConfigurationName = Release; };
D61E3363DEF3F4E448C68105 = { isa = XCConfigurationList; buildConfigurations = (FCB48D8F88BCDB0ED9FADFD7, 942EEBBACD6C88CAE7F29B29,); defaultConfigurationIsVisible = 0; defaultConfigurationName = Release; };
7D1043473D55BFA90E8530D3 = { isa = PBXNativeTarget; buildConfigurationList = 0C11D463C749DB5838E2C0E4; buildPhases = (BCE16DD0260827ECF338C787, 7561BFB015D8F536760CB671, 0189424A5A60FED329FA868E,); buildRules = (); dependencies = (); name = Stufo; productName = Stufo; productReference = 38A007151ABE87CC01A5B6E9; productType = "com.apple.product-type.application"; };
D799BAE6088A90139B415FCC = { isa = PBXContainerItemProxy; containerPortal = 98F54143AB4E86B28C3AFEE0; proxyType = 1; remoteGlobalIDString = 7D1043473D55BFA90E8530D3; remoteInfo = Stufo; };
DE58E2B17C19600779694943 = { isa = PBXTargetDependency; target = 7D1043473D55BFA90E8530D3; targetProxy = D799BAE6088A90139B415FCC; };
04D13FD0AA6F0197CF2C9990 = { isa = PBXNativeTarget; buildConfigurationList = D61E3363DEF3F4E448C68105; buildPhases = (9F3002A5D69B22D357A58AA9,); buildRules = (); dependencies = (DE58E2B17C19600779694943,); name = StufoUITests; productName = StufoUITests; productReference = B7480EC88B7F22D0A4757273; productType = "com.apple.product-type.bundle.ui-testing"; };
98F54143AB4E86B28C3AFEE0 = { isa = PBXProject; attributes = { BuildIndependentTargetsInParallel = YES; LastUpgradeCheck = 1600; TargetAttributes = { 7D1043473D55BFA90E8530D3 = { CreatedOnToolsVersion = 16.0; }; 04D13FD0AA6F0197CF2C9990 = { CreatedOnToolsVersion = 16.0; TestTargetID = 7D1043473D55BFA90E8530D3; }; }; }; buildConfigurationList = 793D6D7C60BD6329D6F91FDB; compatibilityVersion = "Xcode 14.0"; developmentRegion = en; hasScannedForEncodings = 0; knownRegions = (en, Base,); mainGroup = B28B7AF69320201D1CF206EB; productRefGroup = FBDC4F23F93125BBEEAE800C; projectDirPath = ""; projectRoot = ""; targets = (7D1043473D55BFA90E8530D3, 04D13FD0AA6F0197CF2C9990,); };
}; rootObject = 98F54143AB4E86B28C3AFEE0; }
